
Microsoft Visual Studio Solution File, Format Version 12.00
# Visual Studio Version 16
Project("{8BC9CEB8-8B4A-11D0-8D11-00A0C91BC942}") = "ALL_BUILD", "ALL_BUILD.vcxproj", "{90C99353-62DC-3555-AF8E-BC8A9A091DF2}"
	ProjectSection(ProjectDependencies) = postProject
		{41161222-7918-3CC6-BF42-C6CA50B7505F} = {41161222-7918-3CC6-BF42-C6CA50B7505F}
		{A1587260-B12C-369C-B754-BA2AB57F24E4} = {A1587260-B12C-369C-B754-BA2AB57F24E4}
		{F77DA787-C42B-3CC3-B47D-6D0F39657A02} = {F77DA787-C42B-3CC3-B47D-6D0F39657A02}
		{E3F0A264-D1A4-3F41-B421-C124973ACDCC} = {E3F0A264-D1A4-3F41-B421-C124973ACDCC}
		{A3B028D5-37B3-327A-9464-05762B7D61A4} = {A3B028D5-37B3-327A-9464-05762B7D61A4}
		{AA0380BE-E40D-36A9-A37C-CBAFB4BA5AB8} = {AA0380BE-E40D-36A9-A37C-CBAFB4BA5AB8}
		{19B016AD-C9F0-3418-9B11-4AB7DB77621D} = {19B016AD-C9F0-3418-9B11-4AB7DB77621D}
		{F84C5386-F853-3D31-9993-0A60F9E6A400} = {F84C5386-F853-3D31-9993-0A60F9E6A400}
		{E5158D06-027E-3CAA-8E11-88DAB79B9B35} = {E5158D06-027E-3CAA-8E11-88DAB79B9B35}
	EndProjectSection
EndProject
Project("{8BC9CEB8-8B4A-11D0-8D11-00A0C91BC942}") = "INSTALL", "INSTALL.vcxproj", "{5E6BF190-F94D-388D-87AF-D388E1E38A6D}"
	ProjectSection(ProjectDependencies) = postProject
		{90C99353-62DC-3555-AF8E-BC8A9A091DF2} = {90C99353-62DC-3555-AF8E-BC8A9A091DF2}
		{41161222-7918-3CC6-BF42-C6CA50B7505F} = {41161222-7918-3CC6-BF42-C6CA50B7505F}
	EndProjectSection
EndProject
Project("{8BC9CEB8-8B4A-11D0-8D11-00A0C91BC942}") = "RUN_TESTS", "RUN_TESTS.vcxproj", "{31AA63DC-1D1B-37A0-A0EE-90DD17F4C8F4}"
	ProjectSection(ProjectDependencies) = postProject
		{41161222-7918-3CC6-BF42-C6CA50B7505F} = {41161222-7918-3CC6-BF42-C6CA50B7505F}
	EndProjectSection
EndProject
Project("{8BC9CEB8-8B4A-11D0-8D11-00A0C91BC942}") = "ZERO_CHECK", "ZERO_CHECK.vcxproj", "{41161222-7918-3CC6-BF42-C6CA50B7505F}"
	ProjectSection(ProjectDependencies) = postProject
	EndProjectSection
EndProject
Project("{8BC9CEB8-8B4A-11D0-8D11-00A0C91BC942}") = "bench", "examples\bench\bench.vcxproj", "{A1587260-B12C-369C-B754-BA2AB57F24E4}"
	ProjectSection(ProjectDependencies) = postProject
		{41161222-7918-3CC6-BF42-C6CA50B7505F} = {41161222-7918-3CC6-BF42-C6CA50B7505F}
		{E5158D06-027E-3CAA-8E11-88DAB79B9B35} = {E5158D06-027E-3CAA-8E11-88DAB79B9B35}
	EndProjectSection
EndProject
Project("{8BC9CEB8-8B4A-11D0-8D11-00A0C91BC942}") = "common", "examples\common.vcxproj", "{F77DA787-C42B-3CC3-B47D-6D0F39657A02}"
	ProjectSection(ProjectDependencies) = postProject
		{41161222-7918-3CC6-BF42-C6CA50B7505F} = {41161222-7918-3CC6-BF42-C6CA50B7505F}
		{E5158D06-027E-3CAA-8E11-88DAB79B9B35} = {E5158D06-027E-3CAA-8E11-88DAB79B9B35}
	EndProjectSection
EndProject
Project("{8BC9CEB8-8B4A-11D0-8D11-00A0C91BC942}") = "json_cpp", "examples\json_cpp.vcxproj", "{E3F0A264-D1A4-3F41-B421-C124973ACDCC}"
	ProjectSection(ProjectDependencies) = postProject
		{41161222-7918-3CC6-BF42-C6CA50B7505F} = {41161222-7918-3CC6-BF42-C6CA50B7505F}
	EndProjectSection
EndProject
Project("{8BC9CEB8-8B4A-11D0-8D11-00A0C91BC942}") = "main", "examples\main\main.vcxproj", "{A3B028D5-37B3-327A-9464-05762B7D61A4}"
	ProjectSection(ProjectDependencies) = postProject
		{41161222-7918-3CC6-BF42-C6CA50B7505F} = {41161222-7918-3CC6-BF42-C6CA50B7505F}
		{F77DA787-C42B-3CC3-B47D-6D0F39657A02} = {F77DA787-C42B-3CC3-B47D-6D0F39657A02}
		{E5158D06-027E-3CAA-8E11-88DAB79B9B35} = {E5158D06-027E-3CAA-8E11-88DAB79B9B35}
	EndProjectSection
EndProject
Project("{8BC9CEB8-8B4A-11D0-8D11-00A0C91BC942}") = "quantize", "examples\quantize\quantize.vcxproj", "{AA0380BE-E40D-36A9-A37C-CBAFB4BA5AB8}"
	ProjectSection(ProjectDependencies) = postProject
		{41161222-7918-3CC6-BF42-C6CA50B7505F} = {41161222-7918-3CC6-BF42-C6CA50B7505F}
		{F77DA787-C42B-3CC3-B47D-6D0F39657A02} = {F77DA787-C42B-3CC3-B47D-6D0F39657A02}
		{E5158D06-027E-3CAA-8E11-88DAB79B9B35} = {E5158D06-027E-3CAA-8E11-88DAB79B9B35}
	EndProjectSection
EndProject
Project("{8BC9CEB8-8B4A-11D0-8D11-00A0C91BC942}") = "server", "examples\server\server.vcxproj", "{19B016AD-C9F0-3418-9B11-4AB7DB77621D}"
	ProjectSection(ProjectDependencies) = postProject
		{41161222-7918-3CC6-BF42-C6CA50B7505F} = {41161222-7918-3CC6-BF42-C6CA50B7505F}
		{F77DA787-C42B-3CC3-B47D-6D0F39657A02} = {F77DA787-C42B-3CC3-B47D-6D0F39657A02}
		{E3F0A264-D1A4-3F41-B421-C124973ACDCC} = {E3F0A264-D1A4-3F41-B421-C124973ACDCC}
		{E5158D06-027E-3CAA-8E11-88DAB79B9B35} = {E5158D06-027E-3CAA-8E11-88DAB79B9B35}
	EndProjectSection
EndProject
Project("{8BC9CEB8-8B4A-11D0-8D11-00A0C91BC942}") = "wchess-core", "examples\wchess\libwchess\wchess-core.vcxproj", "{F84C5386-F853-3D31-9993-0A60F9E6A400}"
	ProjectSection(ProjectDependencies) = postProject
		{41161222-7918-3CC6-BF42-C6CA50B7505F} = {41161222-7918-3CC6-BF42-C6CA50B7505F}
		{F77DA787-C42B-3CC3-B47D-6D0F39657A02} = {F77DA787-C42B-3CC3-B47D-6D0F39657A02}
		{E5158D06-027E-3CAA-8E11-88DAB79B9B35} = {E5158D06-027E-3CAA-8E11-88DAB79B9B35}
	EndProjectSection
EndProject
Project("{8BC9CEB8-8B4A-11D0-8D11-00A0C91BC942}") = "whisper", "whisper.vcxproj", "{E5158D06-027E-3CAA-8E11-88DAB79B9B35}"
	ProjectSection(ProjectDependencies) = postProject
		{41161222-7918-3CC6-BF42-C6CA50B7505F} = {41161222-7918-3CC6-BF42-C6CA50B7505F}
	EndProjectSection
EndProject
Global
	GlobalSection(SolutionConfigurationPlatforms) = preSolution
		Debug|x64 = Debug|x64
		Release|x64 = Release|x64
		MinSizeRel|x64 = MinSizeRel|x64
		RelWithDebInfo|x64 = RelWithDebInfo|x64
	EndGlobalSection
	GlobalSection(ProjectConfigurationPlatforms) = postSolution
		{90C99353-62DC-3555-AF8E-BC8A9A091DF2}.Debug|x64.ActiveCfg = Debug|x64
		{90C99353-62DC-3555-AF8E-BC8A9A091DF2}.Debug|x64.Build.0 = Debug|x64
		{90C99353-62DC-3555-AF8E-BC8A9A091DF2}.Release|x64.ActiveCfg = Release|x64
		{90C99353-62DC-3555-AF8E-BC8A9A091DF2}.Release|x64.Build.0 = Release|x64
		{90C99353-62DC-3555-AF8E-BC8A9A091DF2}.MinSizeRel|x64.ActiveCfg = MinSizeRel|x64
		{90C99353-62DC-3555-AF8E-BC8A9A091DF2}.MinSizeRel|x64.Build.0 = MinSizeRel|x64
		{90C99353-62DC-3555-AF8E-BC8A9A091DF2}.RelWithDebInfo|x64.ActiveCfg = RelWithDebInfo|x64
		{90C99353-62DC-3555-AF8E-BC8A9A091DF2}.RelWithDebInfo|x64.Build.0 = RelWithDebInfo|x64
		{5E6BF190-F94D-388D-87AF-D388E1E38A6D}.Debug|x64.ActiveCfg = Debug|x64
		{5E6BF190-F94D-388D-87AF-D388E1E38A6D}.Release|x64.ActiveCfg = Release|x64
		{5E6BF190-F94D-388D-87AF-D388E1E38A6D}.MinSizeRel|x64.ActiveCfg = MinSizeRel|x64
		{5E6BF190-F94D-388D-87AF-D388E1E38A6D}.RelWithDebInfo|x64.ActiveCfg = RelWithDebInfo|x64
		{31AA63DC-1D1B-37A0-A0EE-90DD17F4C8F4}.Debug|x64.ActiveCfg = Debug|x64
		{31AA63DC-1D1B-37A0-A0EE-90DD17F4C8F4}.Release|x64.ActiveCfg = Release|x64
		{31AA63DC-1D1B-37A0-A0EE-90DD17F4C8F4}.MinSizeRel|x64.ActiveCfg = MinSizeRel|x64
		{31AA63DC-1D1B-37A0-A0EE-90DD17F4C8F4}.RelWithDebInfo|x64.ActiveCfg = RelWithDebInfo|x64
		{41161222-7918-3CC6-BF42-C6CA50B7505F}.Debug|x64.ActiveCfg = Debug|x64
		{41161222-7918-3CC6-BF42-C6CA50B7505F}.Debug|x64.Build.0 = Debug|x64
		{41161222-7918-3CC6-BF42-C6CA50B7505F}.Release|x64.ActiveCfg = Release|x64
		{41161222-7918-3CC6-BF42-C6CA50B7505F}.Release|x64.Build.0 = Release|x64
		{41161222-7918-3CC6-BF42-C6CA50B7505F}.MinSizeRel|x64.ActiveCfg = MinSizeRel|x64
		{41161222-7918-3CC6-BF42-C6CA50B7505F}.MinSizeRel|x64.Build.0 = MinSizeRel|x64
		{41161222-7918-3CC6-BF42-C6CA50B7505F}.RelWithDebInfo|x64.ActiveCfg = RelWithDebInfo|x64
		{41161222-7918-3CC6-BF42-C6CA50B7505F}.RelWithDebInfo|x64.Build.0 = RelWithDebInfo|x64
		{A1587260-B12C-369C-B754-BA2AB57F24E4}.Debug|x64.ActiveCfg = Debug|x64
		{A1587260-B12C-369C-B754-BA2AB57F24E4}.Debug|x64.Build.0 = Debug|x64
		{A1587260-B12C-369C-B754-BA2AB57F24E4}.Release|x64.ActiveCfg = Release|x64
		{A1587260-B12C-369C-B754-BA2AB57F24E4}.Release|x64.Build.0 = Release|x64
		{A1587260-B12C-369C-B754-BA2AB57F24E4}.MinSizeRel|x64.ActiveCfg = MinSizeRel|x64
		{A1587260-B12C-369C-B754-BA2AB57F24E4}.MinSizeRel|x64.Build.0 = MinSizeRel|x64
		{A1587260-B12C-369C-B754-BA2AB57F24E4}.RelWithDebInfo|x64.ActiveCfg = RelWithDebInfo|x64
		{A1587260-B12C-369C-B754-BA2AB57F24E4}.RelWithDebInfo|x64.Build.0 = RelWithDebInfo|x64
		{F77DA787-C42B-3CC3-B47D-6D0F39657A02}.Debug|x64.ActiveCfg = Debug|x64
		{F77DA787-C42B-3CC3-B47D-6D0F39657A02}.Debug|x64.Build.0 = Debug|x64
		{F77DA787-C42B-3CC3-B47D-6D0F39657A02}.Release|x64.ActiveCfg = Release|x64
		{F77DA787-C42B-3CC3-B47D-6D0F39657A02}.Release|x64.Build.0 = Release|x64
		{F77DA787-C42B-3CC3-B47D-6D0F39657A02}.MinSizeRel|x64.ActiveCfg = MinSizeRel|x64
		{F77DA787-C42B-3CC3-B47D-6D0F39657A02}.MinSizeRel|x64.Build.0 = MinSizeRel|x64
		{F77DA787-C42B-3CC3-B47D-6D0F39657A02}.RelWithDebInfo|x64.ActiveCfg = RelWithDebInfo|x64
		{F77DA787-C42B-3CC3-B47D-6D0F39657A02}.RelWithDebInfo|x64.Build.0 = RelWithDebInfo|x64
		{E3F0A264-D1A4-3F41-B421-C124973ACDCC}.Debug|x64.ActiveCfg = Debug|x64
		{E3F0A264-D1A4-3F41-B421-C124973ACDCC}.Debug|x64.Build.0 = Debug|x64
		{E3F0A264-D1A4-3F41-B421-C124973ACDCC}.Release|x64.ActiveCfg = Release|x64
		{E3F0A264-D1A4-3F41-B421-C124973ACDCC}.Release|x64.Build.0 = Release|x64
		{E3F0A264-D1A4-3F41-B421-C124973ACDCC}.MinSizeRel|x64.ActiveCfg = MinSizeRel|x64
		{E3F0A264-D1A4-3F41-B421-C124973ACDCC}.MinSizeRel|x64.Build.0 = MinSizeRel|x64
		{E3F0A264-D1A4-3F41-B421-C124973ACDCC}.RelWithDebInfo|x64.ActiveCfg = RelWithDebInfo|x64
		{E3F0A264-D1A4-3F41-B421-C124973ACDCC}.RelWithDebInfo|x64.Build.0 = RelWithDebInfo|x64
		{A3B028D5-37B3-327A-9464-05762B7D61A4}.Debug|x64.ActiveCfg = Debug|x64
		{A3B028D5-37B3-327A-9464-05762B7D61A4}.Debug|x64.Build.0 = Debug|x64
		{A3B028D5-37B3-327A-9464-05762B7D61A4}.Release|x64.ActiveCfg = Release|x64
		{A3B028D5-37B3-327A-9464-05762B7D61A4}.Release|x64.Build.0 = Release|x64
		{A3B028D5-37B3-327A-9464-05762B7D61A4}.MinSizeRel|x64.ActiveCfg = MinSizeRel|x64
		{A3B028D5-37B3-327A-9464-05762B7D61A4}.MinSizeRel|x64.Build.0 = MinSizeRel|x64
		{A3B028D5-37B3-327A-9464-05762B7D61A4}.RelWithDebInfo|x64.ActiveCfg = RelWithDebInfo|x64
		{A3B028D5-37B3-327A-9464-05762B7D61A4}.RelWithDebInfo|x64.Build.0 = RelWithDebInfo|x64
		{AA0380BE-E40D-36A9-A37C-CBAFB4BA5AB8}.Debug|x64.ActiveCfg = Debug|x64
		{AA0380BE-E40D-36A9-A37C-CBAFB4BA5AB8}.Debug|x64.Build.0 = Debug|x64
		{AA0380BE-E40D-36A9-A37C-CBAFB4BA5AB8}.Release|x64.ActiveCfg = Release|x64
		{AA0380BE-E40D-36A9-A37C-CBAFB4BA5AB8}.Release|x64.Build.0 = Release|x64
		{AA0380BE-E40D-36A9-A37C-CBAFB4BA5AB8}.MinSizeRel|x64.ActiveCfg = MinSizeRel|x64
		{AA0380BE-E40D-36A9-A37C-CBAFB4BA5AB8}.MinSizeRel|x64.Build.0 = MinSizeRel|x64
		{AA0380BE-E40D-36A9-A37C-CBAFB4BA5AB8}.RelWithDebInfo|x64.ActiveCfg = RelWithDebInfo|x64
		{AA0380BE-E40D-36A9-A37C-CBAFB4BA5AB8}.RelWithDebInfo|x64.Build.0 = RelWithDebInfo|x64
		{19B016AD-C9F0-3418-9B11-4AB7DB77621D}.Debug|x64.ActiveCfg = Debug|x64
		{19B016AD-C9F0-3418-9B11-4AB7DB77621D}.Debug|x64.Build.0 = Debug|x64
		{19B016AD-C9F0-3418-9B11-4AB7DB77621D}.Release|x64.ActiveCfg = Release|x64
		{19B016AD-C9F0-3418-9B11-4AB7DB77621D}.Release|x64.Build.0 = Release|x64
		{19B016AD-C9F0-3418-9B11-4AB7DB77621D}.MinSizeRel|x64.ActiveCfg = MinSizeRel|x64
		{19B016AD-C9F0-3418-9B11-4AB7DB77621D}.MinSizeRel|x64.Build.0 = MinSizeRel|x64
		{19B016AD-C9F0-3418-9B11-4AB7DB77621D}.RelWithDebInfo|x64.ActiveCfg = RelWithDebInfo|x64
		{19B016AD-C9F0-3418-9B11-4AB7DB77621D}.RelWithDebInfo|x64.Build.0 = RelWithDebInfo|x64
		{F84C5386-F853-3D31-9993-0A60F9E6A400}.Debug|x64.ActiveCfg = Debug|x64
		{F84C5386-F853-3D31-9993-0A60F9E6A400}.Debug|x64.Build.0 = Debug|x64
		{F84C5386-F853-3D31-9993-0A60F9E6A400}.Release|x64.ActiveCfg = Release|x64
		{F84C5386-F853-3D31-9993-0A60F9E6A400}.Release|x64.Build.0 = Release|x64
		{F84C5386-F853-3D31-9993-0A60F9E6A400}.MinSizeRel|x64.ActiveCfg = MinSizeRel|x64
		{F84C5386-F853-3D31-9993-0A60F9E6A400}.MinSizeRel|x64.Build.0 = MinSizeRel|x64
		{F84C5386-F853-3D31-9993-0A60F9E6A400}.RelWithDebInfo|x64.ActiveCfg = RelWithDebInfo|x64
		{F84C5386-F853-3D31-9993-0A60F9E6A400}.RelWithDebInfo|x64.Build.0 = RelWithDebInfo|x64
		{E5158D06-027E-3CAA-8E11-88DAB79B9B35}.Debug|x64.ActiveCfg = Debug|x64
		{E5158D06-027E-3CAA-8E11-88DAB79B9B35}.Debug|x64.Build.0 = Debug|x64
		{E5158D06-027E-3CAA-8E11-88DAB79B9B35}.Release|x64.ActiveCfg = Release|x64
		{E5158D06-027E-3CAA-8E11-88DAB79B9B35}.Release|x64.Build.0 = Release|x64
		{E5158D06-027E-3CAA-8E11-88DAB79B9B35}.MinSizeRel|x64.ActiveCfg = MinSizeRel|x64
		{E5158D06-027E-3CAA-8E11-88DAB79B9B35}.MinSizeRel|x64.Build.0 = MinSizeRel|x64
		{E5158D06-027E-3CAA-8E11-88DAB79B9B35}.RelWithDebInfo|x64.ActiveCfg = RelWithDebInfo|x64
		{E5158D06-027E-3CAA-8E11-88DAB79B9B35}.RelWithDebInfo|x64.Build.0 = RelWithDebInfo|x64
	EndGlobalSection
	GlobalSection(ExtensibilityGlobals) = postSolution
		SolutionGuid = {F435FFD3-6632-3E78-A822-4415B24F0CC2}
	EndGlobalSection
	GlobalSection(ExtensibilityAddIns) = postSolution
	EndGlobalSection
EndGlobal
